Microsoft Visual Studio Solution File, Format Version 12.00
# Visual Studio Version 17
VisualStudioVersion = 17.5.2.0
MinimumVisualStudioVersion = 10.0.40219.1
Project("{FAE04EC0-301F-11D3-BF4B-00C04F79EFBC}") = "WatchNext", "backend\WatchNext.csproj", "{4ECB0533-26CF-D8B6-B1BE-84D21BCF1D82}"
EndProject
Global
	GlobalSection(SolutionConfigurationPlatforms) = preSolution
		Debug|Any CPU = Debug|Any CPU
		Release|Any CPU = Release|Any CPU
	EndGlobalSection
	GlobalSection(ProjectConfigurationPlatforms) = postSolution
		{4ECB0533-26CF-D8B6-B1BE-84D21BCF1D82}.Debug|Any CPU.ActiveCfg = Debug|Any CPU
		{4ECB0533-26CF-D8B6-B1BE-84D21BCF1D82}.Debug|Any CPU.Build.0 = Debug|Any CPU
		{4ECB0533-26CF-D8B6-B1BE-84D21BCF1D82}.Release|Any CPU.ActiveCfg = Release|Any CPU
		{4ECB0533-26CF-D8B6-B1BE-84D21BCF1D82}.Release|Any CPU.Build.0 = Release|Any CPU
	EndGlobalSection
	GlobalSection(SolutionProperties) = preSolution
		HideSolutionNode = FALSE
	EndGlobalSection
	GlobalSection(ExtensibilityGlobals) = postSolution
		SolutionGuid = {37554BAD-1D36-40E4-A2F4-B3BB19AC65B5}
	EndGlobalSection
EndGlobal
